<Solution>
  <Folder Name="/host/">
    <Project Path="src/Cockpit.App/Cockpit.App.csproj" />
    <Project Path="src/Cockpit.Core/Cockpit.Core.csproj" />
    <Project Path="src/Cockpit.Infrastructure/Cockpit.Infrastructure.csproj" />
    <Project Path="src/Cockpit.Plugins.Abstractions/Cockpit.Plugins.Abstractions.csproj" />
    <Project Path="tests/Cockpit.TestSupport/Cockpit.TestSupport.csproj" />
    <!-- AC-1070: the cross-plugin McpServerTool annotation guard — spans every plugin this ticket touched, so
         it cannot live in any single plugin's own .Tests project. -->
    <Project Path="tests/Cockpit.PluginEndpointAnnotations.Tests/Cockpit.PluginEndpointAnnotations.Tests.csproj" />
    <Project Path="third_party/Exclr8.Terminal/Exclr8.Terminal.csproj" />
  </Folder>
  <Folder Name="/plugins-dev/">
    <Project Path="plugins-dev/Cockpit.Plugin.Autopilot/Cockpit.Plugin.Autopilot.csproj" />
    <Project Path="plugins-dev/Cockpit.Plugin.Autopilot.Tests/Cockpit.Plugin.Autopilot.Tests.csproj" />
    <Project Path="plugins-dev/Cockpit.Plugin.ClaudeProvider/Cockpit.Plugin.ClaudeProvider.csproj" />
    <Project Path="plugins-dev/Cockpit.Plugin.ClaudeProvider.Tests/Cockpit.Plugin.ClaudeProvider.Tests.csproj" />
    <Project Path="plugins-dev/Cockpit.Plugin.CliAgentProvider/Cockpit.Plugin.CliAgentProvider.csproj" />
    <Project Path="plugins-dev/Cockpit.Plugin.CliAgentProvider.Tests/Cockpit.Plugin.CliAgentProvider.Tests.csproj" />
    <Project Path="plugins-dev/Cockpit.Plugin.Depot/Cockpit.Plugin.Depot.csproj" />
    <Project Path="plugins-dev/Cockpit.Plugin.Depot.Tests/Cockpit.Plugin.Depot.Tests.csproj" />
    <Project Path="plugins-dev/Cockpit.Plugin.Diagram/Cockpit.Plugin.Diagram.csproj" />
    <Project Path="plugins-dev/Cockpit.Plugin.Diagram.Tests/Cockpit.Plugin.Diagram.Tests.csproj" />
    <Project Path="plugins-dev/Cockpit.Plugin.Discord/Cockpit.Plugin.Discord.csproj" />
    <Project Path="plugins-dev/Cockpit.Plugin.Discord.Tests/Cockpit.Plugin.Discord.Tests.csproj" />
    <Project Path="plugins-dev/Cockpit.Plugin.Docker/Cockpit.Plugin.Docker.csproj" />
    <Project Path="plugins-dev/Cockpit.Plugin.Docker.Tests/Cockpit.Plugin.Docker.Tests.csproj" />
    <Project Path="plugins-dev/Cockpit.Plugin.FanOut/Cockpit.Plugin.FanOut.csproj" />
    <Project Path="plugins-dev/Cockpit.Plugin.FanOut.Tests/Cockpit.Plugin.FanOut.Tests.csproj" />
    <Project Path="plugins-dev/Cockpit.Plugin.GeminiProvider/Cockpit.Plugin.GeminiProvider.csproj" />
    <Project Path="plugins-dev/Cockpit.Plugin.GeminiProvider.Tests/Cockpit.Plugin.GeminiProvider.Tests.csproj" />
    <Project Path="plugins-dev/Cockpit.Plugin.GitHubActions/Cockpit.Plugin.GitHubActions.csproj" />
    <Project Path="plugins-dev/Cockpit.Plugin.GitHubActions.Tests/Cockpit.Plugin.GitHubActions.Tests.csproj" />
    <Project Path="plugins-dev/Cockpit.Plugin.GitHubIssues/Cockpit.Plugin.GitHubIssues.csproj" />
    <Project Path="plugins-dev/Cockpit.Plugin.GitHubIssues.Tests/Cockpit.Plugin.GitHubIssues.Tests.csproj" />
    <Project Path="plugins-dev/Cockpit.Plugin.GitHubModelsProvider/Cockpit.Plugin.GitHubModelsProvider.csproj" />
    <Project Path="plugins-dev/Cockpit.Plugin.GitHubModelsProvider.Tests/Cockpit.Plugin.GitHubModelsProvider.Tests.csproj" />
    <Project Path="plugins-dev/Cockpit.Plugin.GitHubPullRequests/Cockpit.Plugin.GitHubPullRequests.csproj" />
    <Project Path="plugins-dev/Cockpit.Plugin.GitHubPullRequests.Tests/Cockpit.Plugin.GitHubPullRequests.Tests.csproj" />
    <Project Path="plugins-dev/Cockpit.Plugin.GitStatus/Cockpit.Plugin.GitStatus.csproj" />
    <Project Path="plugins-dev/Cockpit.Plugin.GitStatus.Tests/Cockpit.Plugin.GitStatus.Tests.csproj" />
    <Project Path="plugins-dev/Cockpit.Plugin.GrokProvider/Cockpit.Plugin.GrokProvider.csproj" />
    <Project Path="plugins-dev/Cockpit.Plugin.GrokProvider.Tests/Cockpit.Plugin.GrokProvider.Tests.csproj" />
    <Project Path="plugins-dev/Cockpit.Plugin.KimiProvider/Cockpit.Plugin.KimiProvider.csproj" />
    <Project Path="plugins-dev/Cockpit.Plugin.KimiProvider.Tests/Cockpit.Plugin.KimiProvider.Tests.csproj" />
    <Project Path="plugins-dev/Cockpit.Plugin.Kubernetes/Cockpit.Plugin.Kubernetes.csproj" />
    <Project Path="plugins-dev/Cockpit.Plugin.Kubernetes.Tests/Cockpit.Plugin.Kubernetes.Tests.csproj" />
    <Project Path="plugins-dev/Cockpit.Plugin.LocalCi/Cockpit.Plugin.LocalCi.csproj" />
    <Project Path="plugins-dev/Cockpit.Plugin.LocalCi.Tests/Cockpit.Plugin.LocalCi.Tests.csproj" />
    <Project Path="plugins-dev/Cockpit.Plugin.OpenRouterProvider/Cockpit.Plugin.OpenRouterProvider.csproj" />
    <Project Path="plugins-dev/Cockpit.Plugin.OpenRouterProvider.Tests/Cockpit.Plugin.OpenRouterProvider.Tests.csproj" />
    <Project Path="plugins-dev/Cockpit.Plugin.OpencodeProvider/Cockpit.Plugin.OpencodeProvider.csproj" />
    <Project Path="plugins-dev/Cockpit.Plugin.OpencodeProvider.Tests/Cockpit.Plugin.OpencodeProvider.Tests.csproj" />
    <Project Path="plugins-dev/Cockpit.Plugin.Proxmox/Cockpit.Plugin.Proxmox.csproj" />
    <Project Path="plugins-dev/Cockpit.Plugin.Proxmox.Tests/Cockpit.Plugin.Proxmox.Tests.csproj" />
    <Project Path="plugins-dev/Cockpit.Plugin.SessionReview/Cockpit.Plugin.SessionReview.csproj" />
    <Project Path="plugins-dev/Cockpit.Plugin.SessionReview.Tests/Cockpit.Plugin.SessionReview.Tests.csproj" />
    <Project Path="plugins-dev/Cockpit.Plugin.Slack/Cockpit.Plugin.Slack.csproj" />
    <Project Path="plugins-dev/Cockpit.Plugin.Slack.Tests/Cockpit.Plugin.Slack.Tests.csproj" />
    <Project Path="plugins-dev/Cockpit.Plugin.TranscriptSearch/Cockpit.Plugin.TranscriptSearch.csproj" />
    <Project Path="plugins-dev/Cockpit.Plugin.TranscriptSearch.Tests/Cockpit.Plugin.TranscriptSearch.Tests.csproj" />
    <Project Path="plugins-dev/Cockpit.Plugin.UsageTrend/Cockpit.Plugin.UsageTrend.csproj" />
    <Project Path="plugins-dev/Cockpit.Plugin.UsageTrend.Tests/Cockpit.Plugin.UsageTrend.Tests.csproj" />
    <Project Path="plugins-dev/Cockpit.Plugin.Workflows/Cockpit.Plugin.Workflows.csproj" />
    <Project Path="plugins-dev/Cockpit.Plugin.Workflows.Tests/Cockpit.Plugin.Workflows.Tests.csproj" />
    <Project Path="plugins-dev/Cockpit.Plugin.YouTrack/Cockpit.Plugin.YouTrack.csproj" />
    <Project Path="plugins-dev/Cockpit.Plugin.YouTrack.Tests/Cockpit.Plugin.YouTrack.Tests.csproj" />
  </Folder>
</Solution>
